# THIS IS AN AUTOGENERATED FILE. DO NOT EDIT THIS FILE DIRECTLY.
# yarn lockfile v1


"@tdreyno/fizz@>=2.0.0":
  version "2.3.0"
  resolved "https://registry.yarnpkg.com/@tdreyno/fizz/-/fizz-2.3.0.tgz#41e8db8b21dcc24bcf91ddba131c179229356b84"
  integrity sha512-N6yHgX0+qDE9EDrlUnpe9bztJEG9+bbtpkBzlOzt8bkFOkmmxLdMH6e4DHYjs100dK5JbHwZnXBzzrsQb9NCEw==
  dependencies:
    "@tdreyno/pretty-please" "^1.16.1"
    lodash.flatten "^4.4.0"
    lodash.isfunction "^3.0.9"
    lodash.isplainobject "^4.0.6"
    lodash.mapvalues "^4.6.0"

"@tdreyno/pretty-please@^1.16.1":
  version "1.16.1"
  resolved "https://registry.yarnpkg.com/@tdreyno/pretty-please/-/pretty-please-1.16.1.tgz#2c92f8405fd993a2365706c13cb1c1b97064dce3"
  integrity sha512-T3ln66BtoMF2LSG+2Xir4s1P2MmnFX/OziUlXkRFCdrTRq+8omMkia+gRPGpTCb3Wn2aO4zh2IBoNuyEzjZBDw==

lodash.flatten@^4.4.0:
  version "4.4.0"
  resolved "https://registry.yarnpkg.com/lodash.flatten/-/lodash.flatten-4.4.0.tgz#f31c22225a9632d2bbf8e4addbef240aa765a61f"
  integrity sha1-8xwiIlqWMtK7+OSt2+8kCqdlph8=

lodash.isfunction@^3.0.9:
  version "3.0.9"
  resolved "https://registry.yarnpkg.com/lodash.isfunction/-/lodash.isfunction-3.0.9.tgz#06de25df4db327ac931981d1bdb067e5af68d051"
  integrity sha512-AirXNj15uRIMMPihnkInB4i3NHeb4iBtNg9WRWuK2o31S+ePwwNmDPaTL3o7dTJ+VXNZim7rFs4rxN4YU1oUJw==

lodash.isplainobject@^4.0.6:
  version "4.0.6"
  resolved "https://registry.yarnpkg.com/lodash.isplainobject/-/lodash.isplainobject-4.0.6.tgz#7c526a52d89b45c45cc690b88163be0497f550cb"
  integrity sha1-fFJqUtibRcRcxpC4gWO+BJf1UMs=

lodash.mapvalues@^4.6.0:
  version "4.6.0"
  resolved "https://registry.yarnpkg.com/lodash.mapvalues/-/lodash.mapvalues-4.6.0.tgz#1bafa5005de9dd6f4f26668c30ca37230cc9689c"
  integrity sha1-G6+lAF3p3W9PJmaMMMo3IwzJaJw=

typescript@^4.6.2:
  version "4.6.3"
  resolved "https://registry.yarnpkg.com/typescript/-/typescript-4.6.3.tgz#eefeafa6afdd31d725584c67a0eaba80f6fc6c6c"
  integrity sha512-yNIatDa5iaofVozS/uQJEl3JRWLKKGJKh6Yaiv0GLGSuhpFJe7P3SbHZ8/yjAHRQwKRoA6YZqlfjXWmVzoVSMw==
